// !$*UTF8*$!
{
	archiveVersion = 1;
	classes = {
	};
	objectVersion = 50;
	objects = {

/* Begin PBXBuildFile section */
		DBE5FCF722744E6F00DA5522 /* AppDelegate.swift in Sources */ = {isa = PBXBuildFile; fileRef = DBE5FCF622744E6F00DA5522 /* AppDelegate.swift */; };
		DBE5FCF922744E6F00DA5522 /* ViewController.swift in Sources */ = {isa = PBXBuildFile; fileRef = DBE5FCF822744E6F00DA5522 /* ViewController.swift */; };
		DBE5FCFC22744E6F00DA5522 /* Main.storyboard in Resources */ = {isa = PBXBuildFile; fileRef = DBE5FCFA22744E6F00DA5522 /* Main.storyboard */; };
		DBE5FCFE22744E7000DA5522 /* Assets.xcassets in Resources */ = {isa = PBXBuildFile; fileRef = DBE5FCFD22744E7000DA5522 /* Assets.xcassets */; };
		DBE5FD0122744E7000DA5522 /* LaunchScreen.storyboard in Resources */ = {isa = PBXBuildFile; fileRef = DBE5FCFF22744E7000DA5522 /* LaunchScreen.storyboard */; };
		DBE5FD0C22744E7100DA5522 /* Touch_IDTests.swift in Sources */ = {isa = PBXBuildFile; fileRef = DBE5FD0B22744E7100DA5522 /* Touch_IDTests.swift */; };
		DBE5FD1722744E7100DA5522 /* Touch_IDUITests.swift in Sources */ = {isa = PBXBuildFile; fileRef = DBE5FD1622744E7100DA5522 /* Touch_IDUITests.swift */; };
/* End PBXBuildFile section */

/* Begin PBXContainerItemProxy section */
		DBE5FD0822744E7100DA5522 /* PBXContainerItemProxy */ = {
			isa = PBXContainerItemProxy;
			containerPortal = DBE5FCEB22744E6F00DA5522 /* Project object */;
			proxyType = 1;
			remoteGlobalIDString = DBE5FCF222744E6F00DA5522;
			remoteInfo = "Touch ID";
		};
		DBE5FD1322744E7100DA5522 /* PBXContainerItemProxy */ = {
			isa = PBXContainerItemProxy;
			containerPortal = DBE5FCEB22744E6F00DA5522 /* Project object */;
			proxyType = 1;
			remoteGlobalIDString = DBE5FCF222744E6F00DA5522;
			remoteInfo = "Touch ID";
		};
/* End PBXContainerItemProxy section */

/* Begin PBXFileReference section */
		DBE5FCF322744E6F00DA5522 /* Touch ID.app */ = {isa = PBXFileReference; explicitFileType = wrapper.application; includeInIndex = 0; path = "Touch ID.app"; sourceTree = BUILT_PRODUCTS_DIR; };
		DBE5FCF622744E6F00DA5522 /* AppDelegate.swift */ = {isa = PBXFileReference; lastKnownFileType = sourcecode.swift; path = AppDelegate.swift; sourceTree = "<group>"; };
		DBE5FCF822744E6F00DA5522 /* ViewController.swift */ = {isa = PBXFileReference; lastKnownFileType = sourcecode.swift; path = ViewController.swift; sourceTree = "<group>"; };
		DBE5FCFB22744E6F00DA5522 /* Base */ = {isa = PBXFileReference; lastKnownFileType = file.storyboard; name = Base; path = Base.lproj/Main.storyboard; sourceTree = "<group>"; };
		DBE5FCFD22744E7000DA5522 /* Assets.xcassets */ = {isa = PBXFileReference; lastKnownFileType = folder.assetcatalog; path = Assets.xcassets; sourceTree = "<group>"; };
		DBE5FD0022744E7000DA5522 /* Base */ = {isa = PBXFileReference; lastKnownFileType = file.storyboard; name = Base; path = Base.lproj/LaunchScreen.storyboard; sourceTree = "<group>"; };
		DBE5FD0222744E7000DA5522 /* 	.plist */ = {isa = PBXFileReference; lastKnownFileType = text.plist.xml; path = "\t.plist"; sourceTree = "<group>"; };
		DBE5FD0722744E7100DA5522 /* Touch IDTests.xctest */ = {isa = PBXFileReference; explicitFileType = wrapper.cfbundle; includeInIndex = 0; path = "Touch IDTests.xctest"; sourceTree = BUILT_PRODUCTS_DIR; };
		DBE5FD0B22744E7100DA5522 /* Touch_IDTests.swift */ = {isa = PBXFileReference; lastKnownFileType = sourcecode.swift; path = Touch_IDTests.swift; sourceTree = "<group>"; };
		DBE5FD0D22744E7100DA5522 /* Info.plist */ = {isa = PBXFileReference; lastKnownFileType = text.plist.xml; path = Info.plist; sourceTree = "<group>"; };
		DBE5FD1222744E7100DA5522 /* Touch IDUITests.xctest */ = {isa = PBXFileReference; explicitFileType = wrapper.cfbundle; includeInIndex = 0; path = "Touch IDUITests.xctest"; sourceTree = BUILT_PRODUCTS_DIR; };
		DBE5FD1622744E7100DA5522 /* Touch_IDUITests.swift */ = {isa = PBXFileReference; lastKnownFileType = sourcecode.swift; path = Touch_IDUITests.swift; sourceTree = "<group>"; };
		DBE5FD1822744E7100DA5522 /* Info.plist */ = {isa = PBXFileReference; lastKnownFileType = text.plist.xml; path = Info.plist; sourceTree = "<group>"; };
/* End PBXFileReference section */

/* Begin PBXFrameworksBuildPhase section */
		DBE5FCF022744E6F00DA5522 /* Frameworks */ = {
			isa = PBXFrameworksBuildPhase;
			buildActionMask = 2147483647;
			files = (
			);
			runOnlyForDeploymentPostprocessing = 0;
		};
		DBE5FD0422744E7100DA5522 /* Frameworks */ = {
			isa = PBXFrameworksBuildPhase;
			buildActionMask = 2147483647;
			files = (
			);
			runOnlyForDeploymentPostprocessing = 0;
		};
		DBE5FD0F22744E7100DA5522 /* Frameworks */ = {
			isa = PBXFrameworksBuildPhase;
			buildActionMask = 2147483647;
			files = (
			);
			runOnlyForDeploymentPostprocessing = 0;
		};
/* End PBXFrameworksBuildPhase section */

/* Begin PBXGroup section */
		DBE5FCEA22744E6F00DA5522 = {
			isa = PBXGroup;
			children = (
				DBE5FCF522744E6F00DA5522 /* Touch ID */,
				DBE5FD0A22744E7100DA5522 /* Touch IDTests */,
				DBE5FD1522744E7100DA5522 /* Touch IDUITests */,
				DBE5FCF422744E6F00DA5522 /* Products */,
			);
			sourceTree = "<group>";
		};
		DBE5FCF422744E6F00DA5522 /* Products */ = {
			isa = PBXGroup;
			children = (
				DBE5FCF322744E6F00DA5522 /* Touch ID.app */,
				DBE5FD0722744E7100DA5522 /* Touch IDTests.xctest */,
				DBE5FD1222744E7100DA5522 /* Touch IDUITests.xctest */,
			);
			name = Products;
			sourceTree = "<group>";
		};
		DBE5FCF522744E6F00DA5522 /* Touch ID */ = {
			isa = PBXGroup;
			children = (
				DBE5FCF622744E6F00DA5522 /* AppDelegate.swift */,
				DBE5FCF822744E6F00DA5522 /* ViewController.swift */,
				DBE5FCFA22744E6F00DA5522 /* Main.storyboard */,
				DBE5FCFD22744E7000DA5522 /* Assets.xcassets */,
				DBE5FCFF22744E7000DA5522 /* LaunchScreen.storyboard */,
				DBE5FD0222744E7000DA5522 /* 	.plist */,
			);
			path = "Touch ID";
			sourceTree = "<group>";
		};
		DBE5FD0A22744E7100DA5522 /* Touch IDTests */ = {
			isa = PBXGroup;
			children = (
				DBE5FD0B22744E7100DA5522 /* Touch_IDTests.swift */,
				DBE5FD0D22744E7100DA5522 /* Info.plist */,
			);
			path = "Touch IDTests";
			sourceTree = "<group>";
		};
		DBE5FD1522744E7100DA5522 /* Touch IDUITests */ = {
			isa = PBXGroup;
			children = (
				DBE5FD1622744E7100DA5522 /* Touch_IDUITests.swift */,
				DBE5FD1822744E7100DA5522 /* Info.plist */,
			);
			path = "Touch IDUITests";
			sourceTree = "<group>";
		};
/* End PBXGroup section */

/* Begin PBXNativeTarget section */
		DBE5FCF222744E6F00DA5522 /* Touch ID */ = {
			isa = PBXNativeTarget;
			buildConfigurationList = DBE5FD1B22744E7100DA5522 /* Build configuration list for PBXNativeTarget "Touch ID" */;
			buildPhases = (
				DBE5FCEF22744E6F00DA5522 /* Sources */,
				DBE5FCF022744E6F00DA5522 /* Frameworks */,
				DBE5FCF122744E6F00DA5522 /* Resources */,
			);
			buildRules = (
			);
			dependencies = (
			);
			name = "Touch ID";
			productName = "Touch ID";
			productReference = DBE5FCF322744E6F00DA5522 /* Touch ID.app */;
			productType = "com.apple.product-type.application";
		};
		DBE5FD0622744E7100DA5522 /* Touch IDTests */ = {
			isa = PBXNativeTarget;
			buildConfigurationList = DBE5FD1E22744E7100DA5522 /* Build configuration list for PBXNativeTarget "Touch IDTests" */;
			buildPhases = (
				DBE5FD0322744E7100DA5522 /* Sources */,
				DBE5FD0422744E7100DA5522 /* Frameworks */,
				DBE5FD0522744E7100DA5522 /* Resources */,
			);
			buildRules = (
			);
			dependencies = (
				DBE5FD0922744E7100DA5522 /* PBXTargetDependency */,
			);
			name = "Touch IDTests";
			productName = "Touch IDTests";
			productReference = DBE5FD0722744E7100DA5522 /* Touch IDTests.xctest */;
			productType = "com.apple.product-type.bundle.unit-test";
		};
		DBE5FD1122744E7100DA5522 /* Touch IDUITests */ = {
			isa = PBXNativeTarget;
			buildConfigurationList = DBE5FD2122744E7100DA5522 /* Build configuration list for PBXNativeTarget "Touch IDUITests" */;
			buildPhases = (
				DBE5FD0E22744E7100DA5522 /* Sources */,
				DBE5FD0F22744E7100DA5522 /* Frameworks */,
				DBE5FD1022744E7100DA5522 /* Resources */,
			);
			buildRules = (
			);
			dependencies = (
				DBE5FD1422744E7100DA5522 /* PBXTargetDependency */,
			);
			name = "Touch IDUITests";
			productName = "Touch IDUITests";
			productReference = DBE5FD1222744E7100DA5522 /* Touch IDUITests.xctest */;
			productType = "com.apple.product-type.bundle.ui-testing";
		};
/* End PBXNativeTarget section */

/* Begin PBXProject section */
		DBE5FCEB22744E6F00DA5522 /* Project object */ = {
			isa = PBXProject;
			attributes = {
				LastSwiftUpdateCheck = 1020;
				LastUpgradeCheck = 1020;
				ORGANIZATIONNAME = SioYoo;
				TargetAttributes = {
					DBE5FCF222744E6F00DA5522 = {
						CreatedOnToolsVersion = 10.2.1;
					};
					DBE5FD0622744E7100DA5522 = {
						CreatedOnToolsVersion = 10.2.1;
						TestTargetID = DBE5FCF222744E6F00DA5522;
					};
					DBE5FD1122744E7100DA5522 = {
						CreatedOnToolsVersion = 10.2.1;
						TestTargetID = DBE5FCF222744E6F00DA5522;
					};
				};
			};
			buildConfigurationList = DBE5FCEE22744E6F00DA5522 /* Build configuration list for PBXProject "Touch ID" */;
			compatibilityVersion = "Xcode 9.3";
			developmentRegion = en;
			hasScannedForEncodings = 0;
			knownRegions = (
				en,
				Base,
			);
			mainGroup = DBE5FCEA22744E6F00DA5522;
			productRefGroup = DBE5FCF422744E6F00DA5522 /* Products */;
			projectDirPath = "";
			projectRoot = "";
			targets = (
				DBE5FCF222744E6F00DA5522 /* Touch ID */,
				DBE5FD0622744E7100DA5522 /* Touch IDTests */,
				DBE5FD1122744E7100DA5522 /* Touch IDUITests */,
			);
		};
/* End PBXProject section */

/* Begin PBXResourcesBuildPhase section */
		DBE5FCF122744E6F00DA5522 /* Resources */ = {
			isa = PBXResourcesBuildPhase;
			buildActionMask = 2147483647;
			files = (
				DBE5FD0122744E7000DA5522 /* LaunchScreen.storyboard in Resources */,
				DBE5FCFE22744E7000DA5522 /* Assets.xcassets in Resources */,
				DBE5FCFC22744E6F00DA5522 /* Main.storyboard in Resources */,
			);
			runOnlyForDeploymentPostprocessing = 0;
		};
		DBE5FD0522744E7100DA5522 /* Resources */ = {
			isa = PBXResourcesBuildPhase;
			buildActionMask = 2147483647;
			files = (
			);
			runOnlyForDeploymentPostprocessing = 0;
		};
		DBE5FD1022744E7100DA5522 /* Resources */ = {
			isa = PBXResourcesBuildPhase;
			buildActionMask = 2147483647;
			files = (
			);
			runOnlyForDeploymentPostprocessing = 0;
		};
/* End PBXResourcesBuildPhase section */

/* Begin PBXSourcesBuildPhase section */
		DBE5FCEF22744E6F00DA5522 /* Sources */ = {
			isa = PBXSourcesBuildPhase;
			buildActionMask = 2147483647;
			files = (
				DBE5FCF922744E6F00DA5522 /* ViewController.swift in Sources */,
				DBE5FCF722744E6F00DA5522 /* AppDelegate.swift in Sources */,
			);
			runOnlyForDeploymentPostprocessing = 0;
		};
		DBE5FD0322744E7100DA5522 /* Sources */ = {
			isa = PBXSourcesBuildPhase;
			buildActionMask = 2147483647;
			files = (
				DBE5FD0C22744E7100DA5522 /* Touch_IDTests.swift in Sources */,
			);
			runOnlyForDeploymentPostprocessing = 0;
		};
		DBE5FD0E22744E7100DA5522 /* Sources */ = {
			isa = PBXSourcesBuildPhase;
			buildActionMask = 2147483647;
			files = (
				DBE5FD1722744E7100DA5522 /* Touch_IDUITests.swift in Sources */,
			);
			runOnlyForDeploymentPostprocessing = 0;
		};
/* End PBXSourcesBuildPhase section */

/* Begin PBXTargetDependency section */
		DBE5FD0922744E7100DA5522 /* PBXTargetDependency */ = {
			isa = PBXTargetDependency;
			target = DBE5FCF222744E6F00DA5522 /* Touch ID */;
			targetProxy = DBE5FD0822744E7100DA5522 /* PBXContainerItemProxy */;
		};
		DBE5FD1422744E7100DA5522 /* PBXTargetDependency */ = {
			isa = PBXTargetDependency;
			target = DBE5FCF222744E6F00DA5522 /* Touch ID */;
			targetProxy = DBE5FD1322744E7100DA5522 /* PBXContainerItemProxy */;
		};
/* End PBXTargetDependency section */

/* Begin PBXVariantGroup section */
		DBE5FCFA22744E6F00DA5522 /* Main.storyboard */ = {
			isa = PBXVariantGroup;
			children = (
				DBE5FCFB22744E6F00DA5522 /* Base */,
			);
			name = Main.storyboard;
			sourceTree = "<group>";
		};
		DBE5FCFF22744E7000DA5522 /* LaunchScreen.storyboard */ = {
			isa = PBXVariantGroup;
			children = (
				DBE5FD0022744E7000DA5522 /* Base */,
			);
			name = LaunchScreen.storyboard;
			sourceTree = "<group>";
		};
/* End PBXVariantGroup section */

/* Begin XCBuildConfiguration section */
		DBE5FD1922744E7100DA5522 /* Debug */ = {
			isa = XCBuildConfiguration;
			buildSettings = {
				ALWAYS_SEARCH_USER_PATHS = NO;
				CLANG_ANALYZER_NONNULL = YES;
				CLANG_ANALYZER_NUMBER_OBJECT_CONVERSION = YES_AGGRESSIVE;
				CLANG_CXX_LANGUAGE_STANDARD = "gnu++14";
				CLANG_CXX_LIBRARY = "libc++";
				CLANG_ENABLE_MODULES = YES;
				CLANG_ENABLE_OBJC_ARC = YES;
				CLANG_ENABLE_OBJC_WEAK = YES;
				CLANG_WARN_BLOCK_CAPTURE_AUTORELEASING = YES;
				CLANG_WARN_BOOL_CONVERSION = YES;
				CLANG_WARN_COMMA = YES;
				CLANG_WARN_CONSTANT_CONVERSION = YES;
				CLANG_WARN_DEPRECATED_OBJC_IMPLEMENTATIONS = YES;
				CLANG_WARN_DIRECT_OBJC_ISA_USAGE = YES_ERROR;
				CLANG_WARN_DOCUMENTATION_COMMENTS = YES;
				CLANG_WARN_EMPTY_BODY = YES;
				CLANG_WARN_ENUM_CONVERSION = YES;
				CLANG_WARN_INFINITE_RECURSION = YES;
				CLANG_WARN_INT_CONVERSION = YES;
				CLANG_WARN_NON_LITERAL_NULL_CONVERSION = YES;
				CLANG_WARN_OBJC_IMPLICIT_RETAIN_SELF = YES;
				CLANG_WARN_OBJC_LITERAL_CONVERSION = YES;
				CLANG_WARN_OBJC_ROOT_CLASS = YES_ERROR;
				CLANG_WARN_RANGE_LOOP_ANALYSIS = YES;
				CLANG_WARN_STRICT_PROTOTYPES = YES;
				CLANG_WARN_SUSPICIOUS_MOVE = YES;
				CLANG_WARN_UNGUARDED_AVAILABILITY = YES_AGGRESSIVE;
				CLANG_WARN_UNREACHABLE_CODE = YES;
				CLANG_WARN__DUPLICATE_METHOD_MATCH = YES;
				CODE_SIGN_IDENTITY = "iPhone Developer";
				COPY_PHASE_STRIP = NO;
				DEBUG_INFORMATION_FORMAT = dwarf;
				ENABLE_STRICT_OBJC_MSGSEND = YES;
				ENABLE_TESTABILITY = YES;
				GCC_C_LANGUAGE_STANDARD = gnu11;
				GCC_DYNAMIC_NO_PIC = NO;
				GCC_NO_COMMON_BLOCKS = YES;
				GCC_OPTIMIZATION_LEVEL = 0;
				GCC_PREPROCESSOR_DEFINITIONS = (
					"DEBUG=1",
					"$(inherited)",
				);
				GCC_WARN_64_TO_32_BIT_CONVERSION = YES;
				GCC_WARN_ABOUT_RETURN_TYPE = YES_ERROR;
				GCC_WARN_UNDECLARED_SELECTOR = YES;
				GCC_WARN_UNINITIALIZED_AUTOS = YES_AGGRESSIVE;
				GCC_WARN_UNUSED_FUNCTION = YES;
				GCC_WARN_UNUSED_VARIABLE = YES;
				IPHONEOS_DEPLOYMENT_TARGET = 12.2;
				MTL_ENABLE_DEBUG_INFO = INCLUDE_SOURCE;
				MTL_FAST_MATH = YES;
				ONLY_ACTIVE_ARCH = YES;
				SDKROOT = iphoneos;
				SWIFT_ACTIVE_COMPILATION_CONDITIONS = DEBUG;
				SWIFT_OPTIMIZATION_LEVEL = "-Onone";
			};
			name = Debug;
		};
		DBE5FD1A22744E7100DA5522 /* Release */ = {
			isa = XCBuildConfiguration;
			buildSettings = {
				ALWAYS_SEARCH_USER_PATHS = NO;
				CLANG_ANALYZER_NONNULL = YES;
				CLANG_ANALYZER_NUMBER_OBJECT_CONVERSION = YES_AGGRESSIVE;
				CLANG_CXX_LANGUAGE_STANDARD = "gnu++14";
				CLANG_CXX_LIBRARY = "libc++";
				CLANG_ENABLE_MODULES = YES;
				CLANG_ENABLE_OBJC_ARC = YES;
				CLANG_ENABLE_OBJC_WEAK = YES;
				CLANG_WARN_BLOCK_CAPTURE_AUTORELEASING = YES;
				CLANG_WARN_BOOL_CONVERSION = YES;
				CLANG_WARN_COMMA = YES;
				CLANG_WARN_CONSTANT_CONVERSION = YES;
				CLANG_WARN_DEPRECATED_OBJC_IMPLEMENTATIONS = YES;
				CLANG_WARN_DIRECT_OBJC_ISA_USAGE = YES_ERROR;
				CLANG_WARN_DOCUMENTATION_COMMENTS = YES;
				CLANG_WARN_EMPTY_BODY = YES;
				CLANG_WARN_ENUM_CONVERSION = YES;
				CLANG_WARN_INFINITE_RECURSION = YES;
				CLANG_WARN_INT_CONVERSION = YES;
				CLANG_WARN_NON_LITERAL_NULL_CONVERSION = YES;
				CLANG_WARN_OBJC_IMPLICIT_RETAIN_SELF = YES;
				CLANG_WARN_OBJC_LITERAL_CONVERSION = YES;
				CLANG_WARN_OBJC_ROOT_CLASS = YES_ERROR;
				CLANG_WARN_RANGE_LOOP_ANALYSIS = YES;
				CLANG_WARN_STRICT_PROTOTYPES = YES;
				CLANG_WARN_SUSPICIOUS_MOVE = YES;
				CLANG_WARN_UNGUARDED_AVAILABILITY = YES_AGGRESSIVE;
				CLANG_WARN_UNREACHABLE_CODE = YES;
				CLANG_WARN__DUPLICATE_METHOD_MATCH = YES;
				CODE_SIGN_IDENTITY = "iPhone Developer";
				COPY_PHASE_STRIP = NO;
				DEBUG_INFORMATION_FORMAT = "dwarf-with-dsym";
				ENABLE_NS_ASSERTIONS = NO;
				ENABLE_STRICT_OBJC_MSGSEND = YES;
				GCC_C_LANGUAGE_STANDARD = gnu11;
				GCC_NO_COMMON_BLOCKS = YES;
				GCC_WARN_64_TO_32_BIT_CONVERSION = YES;
				GCC_WARN_ABOUT_RETURN_TYPE = YES_ERROR;
				GCC_WARN_UNDECLARED_SELECTOR = YES;
				GCC_WARN_UNINITIALIZED_AUTOS = YES_AGGRESSIVE;
				GCC_WARN_UNUSED_FUNCTION = YES;
				GCC_WARN_UNUSED_VARIABLE = YES;
				IPHONEOS_DEPLOYMENT_TARGET = 12.2;
				MTL_ENABLE_DEBUG_INFO = NO;
				MTL_FAST_MATH = YES;
				SDKROOT = iphoneos;
				SWIFT_COMPILATION_MODE = wholemodule;
				SWIFT_OPTIMIZATION_LEVEL = "-O";
				VALIDATE_PRODUCT = YES;
			};
			name = Release;
		};
		DBE5FD1C22744E7100DA5522 /* Debug */ = {
			isa = XCBuildConfiguration;
			buildSettings = {
				ASSETCATALOG_COMPILER_APPICON_NAME = AppIcon;
				CODE_SIGN_STYLE = Automatic;
				DEVELOPMENT_TEAM = 978SYBD93S;
				INFOPLIST_FILE = "Touch ID/Info.plist";
				LD_RUNPATH_SEARCH_PATHS = (
					"$(inherited)",
					"@executable_path/Frameworks",
				);
				PRODUCT_BUNDLE_IDENTIFIER = "Testing.Touch-ID";
				PRODUCT_NAME = "$(TARGET_NAME)";
				SWIFT_VERSION = 5.0;
				TARGETED_DEVICE_FAMILY = "1,2";
			};
			name = Debug;
		};
		DBE5FD1D22744E7100DA5522 /* Release */ = {
			isa = XCBuildConfiguration;
			buildSettings = {
				ASSETCATALOG_COMPILER_APPICON_NAME = AppIcon;
				CODE_SIGN_STYLE = Automatic;
				DEVELOPMENT_TEAM = 978SYBD93S;
				INFOPLIST_FILE = "Touch ID/Info.plist";
				LD_RUNPATH_SEARCH_PATHS = (
					"$(inherited)",
					"@executable_path/Frameworks",
				);
				PRODUCT_BUNDLE_IDENTIFIER = "Testing.Touch-ID";
				PRODUCT_NAME = "$(TARGET_NAME)";
				SWIFT_VERSION = 5.0;
				TARGETED_DEVICE_FAMILY = "1,2";
			};
			name = Release;
		};
		DBE5FD1F22744E7100DA5522 /* Debug */ = {
			isa = XCBuildConfiguration;
			buildSettings = {
				ALWAYS_EMBED_SWIFT_STANDARD_LIBRARIES = YES;
				BUNDLE_LOADER = "$(TEST_HOST)";
				CODE_SIGN_STYLE = Automatic;
				INFOPLIST_FILE = "Touch IDTests/Info.plist";
				LD_RUNPATH_SEARCH_PATHS = (
					"$(inherited)",
					"@executable_path/Frameworks",
					"@loader_path/Frameworks",
				);
				PRODUCT_BUNDLE_IDENTIFIER = "Testing.Touch-IDTests";
				PRODUCT_NAME = "$(TARGET_NAME)";
				SWIFT_VERSION = 5.0;
				TARGETED_DEVICE_FAMILY = "1,2";
				TEST_HOST = "$(BUILT_PRODUCTS_DIR)/Touch ID.app/Touch ID";
			};
			name = Debug;
		};
		DBE5FD2022744E7100DA5522 /* Release */ = {
			isa = XCBuildConfiguration;
			buildSettings = {
				ALWAYS_EMBED_SWIFT_STANDARD_LIBRARIES = YES;
				BUNDLE_LOADER = "$(TEST_HOST)";
				CODE_SIGN_STYLE = Automatic;
				INFOPLIST_FILE = "Touch IDTests/Info.plist";
				LD_RUNPATH_SEARCH_PATHS = (
					"$(inherited)",
					"@executable_path/Frameworks",
					"@loader_path/Frameworks",
				);
				PRODUCT_BUNDLE_IDENTIFIER = "Testing.Touch-IDTests";
				PRODUCT_NAME = "$(TARGET_NAME)";
				SWIFT_VERSION = 5.0;
				TARGETED_DEVICE_FAMILY = "1,2";
				TEST_HOST = "$(BUILT_PRODUCTS_DIR)/Touch ID.app/Touch ID";
			};
			name = Release;
		};
		DBE5FD2222744E7100DA5522 /* Debug */ = {
			isa = XCBuildConfiguration;
			buildSettings = {
				ALWAYS_EMBED_SWIFT_STANDARD_LIBRARIES = YES;
				CODE_SIGN_STYLE = Automatic;
				INFOPLIST_FILE = "Touch IDUITests/Info.plist";
				LD_RUNPATH_SEARCH_PATHS = (
					"$(inherited)",
					"@executable_path/Frameworks",
					"@loader_path/Frameworks",
				);
				PRODUCT_BUNDLE_IDENTIFIER = "Testing.Touch-IDUITests";
				PRODUCT_NAME = "$(TARGET_NAME)";
				SWIFT_VERSION = 5.0;
				TARGETED_DEVICE_FAMILY = "1,2";
				TEST_TARGET_NAME = "Touch ID";
			};
			name = Debug;
		};
		DBE5FD2322744E7100DA5522 /* Release */ = {
			isa = XCBuildConfiguration;
			buildSettings = {
				ALWAYS_EMBED_SWIFT_STANDARD_LIBRARIES = YES;
				CODE_SIGN_STYLE = Automatic;
				INFOPLIST_FILE = "Touch IDUITests/Info.plist";
				LD_RUNPATH_SEARCH_PATHS = (
					"$(inherited)",
					"@executable_path/Frameworks",
					"@loader_path/Frameworks",
				);
				PRODUCT_BUNDLE_IDENTIFIER = "Testing.Touch-IDUITests";
				PRODUCT_NAME = "$(TARGET_NAME)";
				SWIFT_VERSION = 5.0;
				TARGETED_DEVICE_FAMILY = "1,2";
				TEST_TARGET_NAME = "Touch ID";
			};
			name = Release;
		};
/* End XCBuildConfiguration section */

/* Begin XCConfigurationList section */
		DBE5FCEE22744E6F00DA5522 /* Build configuration list for PBXProject "Touch ID" */ = {
			isa = XCConfigurationList;
			buildConfigurations = (
				DBE5FD1922744E7100DA5522 /* Debug */,
				DBE5FD1A22744E7100DA5522 /* Release */,
			);
			defaultConfigurationIsVisible = 0;
			defaultConfigurationName = Release;
		};
		DBE5FD1B22744E7100DA5522 /* Build configuration list for PBXNativeTarget "Touch ID" */ = {
			isa = XCConfigurationList;
			buildConfigurations = (
				DBE5FD1C22744E7100DA5522 /* Debug */,
				DBE5FD1D22744E7100DA5522 /* Release */,
			);
			defaultConfigurationIsVisible = 0;
			defaultConfigurationName = Release;
		};
		DBE5FD1E22744E7100DA5522 /* Build configuration list for PBXNativeTarget "Touch IDTests" */ = {
			isa = XCConfigurationList;
			buildConfigurations = (
				DBE5FD1F22744E7100DA5522 /* Debug */,
				DBE5FD2022744E7100DA5522 /* Release */,
			);
			defaultConfigurationIsVisible = 0;
			defaultConfigurationName = Release;
		};
		DBE5FD2122744E7100DA5522 /* Build configuration list for PBXNativeTarget "Touch IDUITests" */ = {
			isa = XCConfigurationList;
			buildConfigurations = (
				DBE5FD2222744E7100DA5522 /* Debug */,
				DBE5FD2322744E7100DA5522 /* Release */,
			);
			defaultConfigurationIsVisible = 0;
			defaultConfigurationName = Release;
		};
/* End XCConfigurationList section */
	};
	rootObject = DBE5FCEB22744E6F00DA5522 /* Project object */;
}
